
Microsoft Visual Studio Solution File, Format Version 12.00
# Visual Studio Version 17
VisualStudioVersion = 17.5.33502.453
MinimumVisualStudioVersion = 10.0.40219.1
Project("{FAE04EC0-301F-11D3-BF4B-00C04F79EFBC}") = "OrgChartApis", "OrgChartApis\OrgChartApis.csproj", "{D4E268A9-8998-4A7F-8D78-F0032308478C}"
EndProject
Global
	GlobalSection(SolutionConfigurationPlatforms) = preSolution
		Debug|Any CPU = Debug|Any CPU
		Release|Any CPU = Release|Any CPU
	EndGlobalSection
	GlobalSection(ProjectConfigurationPlatforms) = postSolution
		{D4E268A9-8998-4A7F-8D78-F0032308478C}.Debug|Any CPU.ActiveCfg = Debug|Any CPU
		{D4E268A9-8998-4A7F-8D78-F0032308478C}.Debug|Any CPU.Build.0 = Debug|Any CPU
		{D4E268A9-8998-4A7F-8D78-F0032308478C}.Release|Any CPU.ActiveCfg = Release|Any CPU
		{D4E268A9-8998-4A7F-8D78-F0032308478C}.Release|Any CPU.Build.0 = Release|Any CPU
	EndGlobalSection
	GlobalSection(SolutionProperties) = preSolution
		HideSolutionNode = FALSE
	EndGlobalSection
	GlobalSection(ExtensibilityGlobals) = postSolution
		SolutionGuid = {4D13214A-0414-4992-B4CE-E9F9E26C61F1}
	EndGlobalSection
EndGlobal
